
Microsoft Visual Studio Solution File, Format Version 12.00
# Visual Studio Version 16
VisualStudioVersion = 16.0.29613.14
MinimumVisualStudioVersion = 10.0.40219.1
Project("{FAE04EC0-301F-11D3-BF4B-00C04F79EFBC}") = "projectex", "projectex\projectex.csproj", "{BD91D449-3841-4679-8CCF-64D7EA636FC5}"
EndProject
Global
	GlobalSection(SolutionConfigurationPlatforms) = preSolution
		Debug|Any CPU = Debug|Any CPU
		Release|Any CPU = Release|Any CPU
	EndGlobalSection
	GlobalSection(ProjectConfigurationPlatforms) = postSolution
		{BD91D449-3841-4679-8CCF-64D7EA636FC5}.Debug|Any CPU.ActiveCfg = Debug|Any CPU
		{BD91D449-3841-4679-8CCF-64D7EA636FC5}.Debug|Any CPU.Build.0 = Debug|Any CPU
		{BD91D449-3841-4679-8CCF-64D7EA636FC5}.Release|Any CPU.ActiveCfg = Release|Any CPU
		{BD91D449-3841-4679-8CCF-64D7EA636FC5}.Release|Any CPU.Build.0 = Release|Any CPU
	EndGlobalSection
	GlobalSection(SolutionProperties) = preSolution
		HideSolutionNode = FALSE
	EndGlobalSection
	GlobalSection(ExtensibilityGlobals) = postSolution
		SolutionGuid = {CE744DD5-7B89-42E9-92A3-485EEE8B6C63}
	EndGlobalSection
EndGlobal
